
Microsoft Visual Studio Solution File, Format Version 12.00
Project("{FAE04EC0-301F-11D3-BF4B-00C04F79EFBC}") = "u4.Engine", "src\u4.Engine\u4.Engine.csproj", "{18D9C724-AA96-457F-9E4D-69D40AF16597}"
EndProject
Project("{FAE04EC0-301F-11D3-BF4B-00C04F79EFBC}") = "u4.Core", "src\u4.Core\u4.Core.csproj", "{DB98C2D1-F1F8-4EC0-A5EB-0D1565C45388}"
EndProject
Project("{FAE04EC0-301F-11D3-BF4B-00C04F79EFBC}") = "u4.Math", "src\u4.Math\u4.Math.csproj", "{51DAE079-B64A-40E6-8B36-D2E41DA6A260}"
EndProject
Project("{FAE04EC0-301F-11D3-BF4B-00C04F79EFBC}") = "u4.Render", "src\u4.Render\u4.Render.csproj", "{741C9857-C095-4711-A506-A5F54FC6EAC6}"
EndProject
Project("{FAE04EC0-301F-11D3-BF4B-00C04F79EFBC}") = "u4.Audio", "src\u4.Audio\u4.Audio.csproj", "{3FC7BD85-CEA6-47FF-A5B8-ABC4A47D2D36}"
EndProject
Project("{FAE04EC0-301F-11D3-BF4B-00C04F79EFBC}") = "u4", "src\u4\u4.csproj", "{FD6B26EB-5879-4F95-84D3-BB84DF6077E9}"
EndProject
Global
	GlobalSection(SolutionConfigurationPlatforms) = preSolution
		Debug|Any CPU = Debug|Any CPU
		Release|Any CPU = Release|Any CPU
	EndGlobalSection
	GlobalSection(ProjectConfigurationPlatforms) = postSolution
		{18D9C724-AA96-457F-9E4D-69D40AF16597}.Debug|Any CPU.ActiveCfg = Debug|Any CPU
		{18D9C724-AA96-457F-9E4D-69D40AF16597}.Debug|Any CPU.Build.0 = Debug|Any CPU
		{18D9C724-AA96-457F-9E4D-69D40AF16597}.Release|Any CPU.ActiveCfg = Release|Any CPU
		{18D9C724-AA96-457F-9E4D-69D40AF16597}.Release|Any CPU.Build.0 = Release|Any CPU
		{DB98C2D1-F1F8-4EC0-A5EB-0D1565C45388}.Debug|Any CPU.ActiveCfg = Debug|Any CPU
		{DB98C2D1-F1F8-4EC0-A5EB-0D1565C45388}.Debug|Any CPU.Build.0 = Debug|Any CPU
		{DB98C2D1-F1F8-4EC0-A5EB-0D1565C45388}.Release|Any CPU.ActiveCfg = Release|Any CPU
		{DB98C2D1-F1F8-4EC0-A5EB-0D1565C45388}.Release|Any CPU.Build.0 = Release|Any CPU
		{51DAE079-B64A-40E6-8B36-D2E41DA6A260}.Debug|Any CPU.ActiveCfg = Debug|Any CPU
		{51DAE079-B64A-40E6-8B36-D2E41DA6A260}.Debug|Any CPU.Build.0 = Debug|Any CPU
		{51DAE079-B64A-40E6-8B36-D2E41DA6A260}.Release|Any CPU.ActiveCfg = Release|Any CPU
		{51DAE079-B64A-40E6-8B36-D2E41DA6A260}.Release|Any CPU.Build.0 = Release|Any CPU
		{741C9857-C095-4711-A506-A5F54FC6EAC6}.Debug|Any CPU.ActiveCfg = Debug|Any CPU
		{741C9857-C095-4711-A506-A5F54FC6EAC6}.Debug|Any CPU.Build.0 = Debug|Any CPU
		{741C9857-C095-4711-A506-A5F54FC6EAC6}.Release|Any CPU.ActiveCfg = Release|Any CPU
		{741C9857-C095-4711-A506-A5F54FC6EAC6}.Release|Any CPU.Build.0 = Release|Any CPU
		{3FC7BD85-CEA6-47FF-A5B8-ABC4A47D2D36}.Debug|Any CPU.ActiveCfg = Debug|Any CPU
		{3FC7BD85-CEA6-47FF-A5B8-ABC4A47D2D36}.Debug|Any CPU.Build.0 = Debug|Any CPU
		{3FC7BD85-CEA6-47FF-A5B8-ABC4A47D2D36}.Release|Any CPU.ActiveCfg = Release|Any CPU
		{3FC7BD85-CEA6-47FF-A5B8-ABC4A47D2D36}.Release|Any CPU.Build.0 = Release|Any CPU
		{FD6B26EB-5879-4F95-84D3-BB84DF6077E9}.Debug|Any CPU.ActiveCfg = Debug|Any CPU
		{FD6B26EB-5879-4F95-84D3-BB84DF6077E9}.Debug|Any CPU.Build.0 = Debug|Any CPU
		{FD6B26EB-5879-4F95-84D3-BB84DF6077E9}.Release|Any CPU.ActiveCfg = Release|Any CPU
		{FD6B26EB-5879-4F95-84D3-BB84DF6077E9}.Release|Any CPU.Build.0 = Release|Any CPU
	EndGlobalSection
EndGlobal
