
Microsoft Visual Studio Solution File, Format Version 12.00
Project("{FAE04EC0-301F-11D3-BF4B-00C04F79EFBC}") = "u4.Engine", "src\u4.Engine\u4.Engine.csproj", "{18D9C724-AA96-457F-9E4D-69D40AF16597}"
EndProject
Project("{FAE04EC0-301F-11D3-BF4B-00C04F79EFBC}") = "u4.Core", "src\u4.Core\u4.Core.csproj", "{DB98C2D1-F1F8-4EC0-A5EB-0D1565C45388}"
EndProject
Project("{FAE04EC0-301F-11D3-BF4B-00C04F79EFBC}") = "u4.Math", "src\u4.Math\u4.Math.csproj", "{51DAE079-B64A-40E6-8B36-D2E41DA6A260}"
EndProject
Project("{FAE04EC0-301F-11D3-BF4B-00C04F79EFBC}") = "u4.Render", "src\u4.Render\u4.Render.csproj", "{741C9857-C095-4711-A506-A5F54FC6EAC6}"
EndProject
Project("{FAE04EC0-301F-11D3-BF4B-00C04F79EFBC}") = "u4.Audio", "src\u4.Audio\u4.Audio.csproj", "{3FC7BD85-CEA6-47FF-A5B8-ABC4A47D2D36}"
EndProject
Project("{FAE04EC0-301F-11D3-BF4B-00C04F79EFBC}") = "u4", "src\u4\u4.csproj", "{FD6B26EB-5879-4F95-84D3-BB84DF6077E9}"
EndProject
Project("{2150E333-8FDC-42A3-9474-1A3956D46DE8}") = "tests", "tests", "{03D5212E-DA5F-40E6-802D-3BC33B50487C}"
EndProject
Project("{FAE04EC0-301F-11D3-BF4B-00C04F79EFBC}") = "Tests.Render", "tests\Tests.Render\Tests.Render.csproj", "{07B75100-FA35-4877-B027-6FD6794AC446}"
EndProject
Project("{FAE04EC0-301F-11D3-BF4B-00C04F79EFBC}") = "u4.Render.Backend", "src\u4.Render.Backend\u4.Render.Backend.csproj", "{49A572D4-8D20-409E-9D02-48B730BD065E}"
EndProject
Project("{FAE04EC0-301F-11D3-BF4B-00C04F79EFBC}") = "u4.Render.Backend.D3D11", "src\u4.Render.Backend.D3D11\u4.Render.Backend.D3D11.csproj", "{3FECAD21-3E88-44D6-86C8-3D20B41A1649}"
EndProject
Project("{FAE04EC0-301F-11D3-BF4B-00C04F79EFBC}") = "Tests.Render.Backend", "tests\Tests.Render.Backend\Tests.Render.Backend.csproj", "{E0460659-1DA7-4B2A-BF4B-043CDC476409}"
EndProject
Project("{FAE04EC0-301F-11D3-BF4B-00C04F79EFBC}") = "Tests.Engine", "tests\Tests.Engine\Tests.Engine.csproj", "{52CD90EE-B406-471A-AE1F-4A347B4FDC2C}"
EndProject
Project("{FAE04EC0-301F-11D3-BF4B-00C04F79EFBC}") = "u4.Render.Backend.GL45", "src\u4.Render.Backend.GL45\u4.Render.Backend.GL45.csproj", "{CC793AC4-454F-46E9-B74F-E2395A57D407}"
EndProject
Global
	GlobalSection(SolutionConfigurationPlatforms) = preSolution
		Debug|Any CPU = Debug|Any CPU
		Release|Any CPU = Release|Any CPU
	EndGlobalSection
	GlobalSection(ProjectConfigurationPlatforms) = postSolution
		{18D9C724-AA96-457F-9E4D-69D40AF16597}.Debug|Any CPU.ActiveCfg = Debug|Any CPU
		{18D9C724-AA96-457F-9E4D-69D40AF16597}.Debug|Any CPU.Build.0 = Debug|Any CPU
		{18D9C724-AA96-457F-9E4D-69D40AF16597}.Release|Any CPU.ActiveCfg = Release|Any CPU
		{18D9C724-AA96-457F-9E4D-69D40AF16597}.Release|Any CPU.Build.0 = Release|Any CPU
		{DB98C2D1-F1F8-4EC0-A5EB-0D1565C45388}.Debug|Any CPU.ActiveCfg = Debug|Any CPU
		{DB98C2D1-F1F8-4EC0-A5EB-0D1565C45388}.Debug|Any CPU.Build.0 = Debug|Any CPU
		{DB98C2D1-F1F8-4EC0-A5EB-0D1565C45388}.Release|Any CPU.ActiveCfg = Release|Any CPU
		{DB98C2D1-F1F8-4EC0-A5EB-0D1565C45388}.Release|Any CPU.Build.0 = Release|Any CPU
		{51DAE079-B64A-40E6-8B36-D2E41DA6A260}.Debug|Any CPU.ActiveCfg = Debug|Any CPU
		{51DAE079-B64A-40E6-8B36-D2E41DA6A260}.Debug|Any CPU.Build.0 = Debug|Any CPU
		{51DAE079-B64A-40E6-8B36-D2E41DA6A260}.Release|Any CPU.ActiveCfg = Release|Any CPU
		{51DAE079-B64A-40E6-8B36-D2E41DA6A260}.Release|Any CPU.Build.0 = Release|Any CPU
		{741C9857-C095-4711-A506-A5F54FC6EAC6}.Debug|Any CPU.ActiveCfg = Debug|Any CPU
		{741C9857-C095-4711-A506-A5F54FC6EAC6}.Debug|Any CPU.Build.0 = Debug|Any CPU
		{741C9857-C095-4711-A506-A5F54FC6EAC6}.Release|Any CPU.ActiveCfg = Release|Any CPU
		{741C9857-C095-4711-A506-A5F54FC6EAC6}.Release|Any CPU.Build.0 = Release|Any CPU
		{3FC7BD85-CEA6-47FF-A5B8-ABC4A47D2D36}.Debug|Any CPU.ActiveCfg = Debug|Any CPU
		{3FC7BD85-CEA6-47FF-A5B8-ABC4A47D2D36}.Debug|Any CPU.Build.0 = Debug|Any CPU
		{3FC7BD85-CEA6-47FF-A5B8-ABC4A47D2D36}.Release|Any CPU.ActiveCfg = Release|Any CPU
		{3FC7BD85-CEA6-47FF-A5B8-ABC4A47D2D36}.Release|Any CPU.Build.0 = Release|Any CPU
		{FD6B26EB-5879-4F95-84D3-BB84DF6077E9}.Debug|Any CPU.ActiveCfg = Debug|Any CPU
		{FD6B26EB-5879-4F95-84D3-BB84DF6077E9}.Debug|Any CPU.Build.0 = Debug|Any CPU
		{FD6B26EB-5879-4F95-84D3-BB84DF6077E9}.Release|Any CPU.ActiveCfg = Release|Any CPU
		{FD6B26EB-5879-4F95-84D3-BB84DF6077E9}.Release|Any CPU.Build.0 = Release|Any CPU
		{07B75100-FA35-4877-B027-6FD6794AC446}.Debug|Any CPU.ActiveCfg = Debug|Any CPU
		{07B75100-FA35-4877-B027-6FD6794AC446}.Debug|Any CPU.Build.0 = Debug|Any CPU
		{07B75100-FA35-4877-B027-6FD6794AC446}.Release|Any CPU.ActiveCfg = Release|Any CPU
		{07B75100-FA35-4877-B027-6FD6794AC446}.Release|Any CPU.Build.0 = Release|Any CPU
		{49A572D4-8D20-409E-9D02-48B730BD065E}.Debug|Any CPU.ActiveCfg = Debug|Any CPU
		{49A572D4-8D20-409E-9D02-48B730BD065E}.Debug|Any CPU.Build.0 = Debug|Any CPU
		{49A572D4-8D20-409E-9D02-48B730BD065E}.Release|Any CPU.ActiveCfg = Release|Any CPU
		{49A572D4-8D20-409E-9D02-48B730BD065E}.Release|Any CPU.Build.0 = Release|Any CPU
		{3FECAD21-3E88-44D6-86C8-3D20B41A1649}.Debug|Any CPU.ActiveCfg = Debug|Any CPU
		{3FECAD21-3E88-44D6-86C8-3D20B41A1649}.Debug|Any CPU.Build.0 = Debug|Any CPU
		{3FECAD21-3E88-44D6-86C8-3D20B41A1649}.Release|Any CPU.ActiveCfg = Release|Any CPU
		{3FECAD21-3E88-44D6-86C8-3D20B41A1649}.Release|Any CPU.Build.0 = Release|Any CPU
		{E0460659-1DA7-4B2A-BF4B-043CDC476409}.Debug|Any CPU.ActiveCfg = Debug|Any CPU
		{E0460659-1DA7-4B2A-BF4B-043CDC476409}.Debug|Any CPU.Build.0 = Debug|Any CPU
		{E0460659-1DA7-4B2A-BF4B-043CDC476409}.Release|Any CPU.ActiveCfg = Release|Any CPU
		{E0460659-1DA7-4B2A-BF4B-043CDC476409}.Release|Any CPU.Build.0 = Release|Any CPU
		{52CD90EE-B406-471A-AE1F-4A347B4FDC2C}.Debug|Any CPU.ActiveCfg = Debug|Any CPU
		{52CD90EE-B406-471A-AE1F-4A347B4FDC2C}.Debug|Any CPU.Build.0 = Debug|Any CPU
		{52CD90EE-B406-471A-AE1F-4A347B4FDC2C}.Release|Any CPU.ActiveCfg = Release|Any CPU
		{52CD90EE-B406-471A-AE1F-4A347B4FDC2C}.Release|Any CPU.Build.0 = Release|Any CPU
		{CC793AC4-454F-46E9-B74F-E2395A57D407}.Debug|Any CPU.ActiveCfg = Debug|Any CPU
		{CC793AC4-454F-46E9-B74F-E2395A57D407}.Debug|Any CPU.Build.0 = Debug|Any CPU
		{CC793AC4-454F-46E9-B74F-E2395A57D407}.Release|Any CPU.ActiveCfg = Release|Any CPU
		{CC793AC4-454F-46E9-B74F-E2395A57D407}.Release|Any CPU.Build.0 = Release|Any CPU
	EndGlobalSection
	GlobalSection(NestedProjects) = preSolution
		{07B75100-FA35-4877-B027-6FD6794AC446} = {03D5212E-DA5F-40E6-802D-3BC33B50487C}
		{E0460659-1DA7-4B2A-BF4B-043CDC476409} = {03D5212E-DA5F-40E6-802D-3BC33B50487C}
		{52CD90EE-B406-471A-AE1F-4A347B4FDC2C} = {03D5212E-DA5F-40E6-802D-3BC33B50487C}
	EndGlobalSection
EndGlobal
